
Microsoft Visual Studio Solution File, Format Version 12.00
# Visual Studio Version 16
VisualStudioVersion = 16.0.29324.140
MinimumVisualStudioVersion = 10.0.40219.1
Project("{FAE04EC0-301F-11D3-BF4B-00C04F79EFBC}") = "gastro1.Android", "gastro1\gastro1.Android\gastro1.Android.csproj", "{8B9C9C65-D9CF-4CE0-9B6A-123E924B3D70}"
EndProject
Project("{FAE04EC0-301F-11D3-BF4B-00C04F79EFBC}") = "gastro1.iOS", "gastro1\gastro1.iOS\gastro1.iOS.csproj", "{B1BA275F-2F12-4763-9507-E9E7AABC26CD}"
EndProject
Project("{FAE04EC0-301F-11D3-BF4B-00C04F79EFBC}") = "gastro1", "gastro1\gastro1\gastro1.csproj", "{0D49328A-DB4E-4E3F-A3D6-06BBB487C850}"
EndProject
Global
	GlobalSection(SolutionConfigurationPlatforms) = preSolution
		Debug|Any CPU = Debug|Any CPU
		Debug|iPhone = Debug|iPhone
		Debug|iPhoneSimulator = Debug|iPhoneSimulator
		Release|Any CPU = Release|Any CPU
		Release|iPhone = Release|iPhone
		Release|iPhoneSimulator = Release|iPhoneSimulator
	EndGlobalSection
	GlobalSection(ProjectConfigurationPlatforms) = postSolution
		{8B9C9C65-D9CF-4CE0-9B6A-123E924B3D70}.Debug|Any CPU.ActiveCfg = Debug|Any CPU
		{8B9C9C65-D9CF-4CE0-9B6A-123E924B3D70}.Debug|Any CPU.Build.0 = Debug|Any CPU
		{8B9C9C65-D9CF-4CE0-9B6A-123E924B3D70}.Debug|Any CPU.Deploy.0 = Debug|Any CPU
		{8B9C9C65-D9CF-4CE0-9B6A-123E924B3D70}.Debug|iPhone.ActiveCfg = Debug|Any CPU
		{8B9C9C65-D9CF-4CE0-9B6A-123E924B3D70}.Debug|iPhone.Build.0 = Debug|Any CPU
		{8B9C9C65-D9CF-4CE0-9B6A-123E924B3D70}.Debug|iPhone.Deploy.0 = Debug|Any CPU
		{8B9C9C65-D9CF-4CE0-9B6A-123E924B3D70}.Debug|iPhoneSimulator.ActiveCfg = Debug|Any CPU
		{8B9C9C65-D9CF-4CE0-9B6A-123E924B3D70}.Debug|iPhoneSimulator.Build.0 = Debug|Any CPU
		{8B9C9C65-D9CF-4CE0-9B6A-123E924B3D70}.Debug|iPhoneSimulator.Deploy.0 = Debug|Any CPU
		{8B9C9C65-D9CF-4CE0-9B6A-123E924B3D70}.Release|Any CPU.ActiveCfg = Release|Any CPU
		{8B9C9C65-D9CF-4CE0-9B6A-123E924B3D70}.Release|Any CPU.Build.0 = Release|Any CPU
		{8B9C9C65-D9CF-4CE0-9B6A-123E924B3D70}.Release|Any CPU.Deploy.0 = Release|Any CPU
		{8B9C9C65-D9CF-4CE0-9B6A-123E924B3D70}.Release|iPhone.ActiveCfg = Release|Any CPU
		{8B9C9C65-D9CF-4CE0-9B6A-123E924B3D70}.Release|iPhone.Build.0 = Release|Any CPU
		{8B9C9C65-D9CF-4CE0-9B6A-123E924B3D70}.Release|iPhone.Deploy.0 = Release|Any CPU
		{8B9C9C65-D9CF-4CE0-9B6A-123E924B3D70}.Release|iPhoneSimulator.ActiveCfg = Release|Any CPU
		{8B9C9C65-D9CF-4CE0-9B6A-123E924B3D70}.Release|iPhoneSimulator.Build.0 = Release|Any CPU
		{8B9C9C65-D9CF-4CE0-9B6A-123E924B3D70}.Release|iPhoneSimulator.Deploy.0 = Release|Any CPU
		{B1BA275F-2F12-4763-9507-E9E7AABC26CD}.Debug|Any CPU.ActiveCfg = Debug|iPhoneSimulator
		{B1BA275F-2F12-4763-9507-E9E7AABC26CD}.Debug|Any CPU.Build.0 = Debug|iPhoneSimulator
		{B1BA275F-2F12-4763-9507-E9E7AABC26CD}.Debug|Any CPU.Deploy.0 = Debug|iPhoneSimulator
		{B1BA275F-2F12-4763-9507-E9E7AABC26CD}.Debug|iPhone.ActiveCfg = Debug|iPhone
		{B1BA275F-2F12-4763-9507-E9E7AABC26CD}.Debug|iPhone.Build.0 = Debug|iPhone
		{B1BA275F-2F12-4763-9507-E9E7AABC26CD}.Debug|iPhone.Deploy.0 = Debug|iPhone
		{B1BA275F-2F12-4763-9507-E9E7AABC26CD}.Debug|iPhoneSimulator.ActiveCfg = Debug|iPhoneSimulator
		{B1BA275F-2F12-4763-9507-E9E7AABC26CD}.Debug|iPhoneSimulator.Build.0 = Debug|iPhoneSimulator
		{B1BA275F-2F12-4763-9507-E9E7AABC26CD}.Debug|iPhoneSimulator.Deploy.0 = Debug|iPhoneSimulator
		{B1BA275F-2F12-4763-9507-E9E7AABC26CD}.Release|Any CPU.ActiveCfg = Release|iPhone
		{B1BA275F-2F12-4763-9507-E9E7AABC26CD}.Release|Any CPU.Build.0 = Release|iPhone
		{B1BA275F-2F12-4763-9507-E9E7AABC26CD}.Release|Any CPU.Deploy.0 = Release|iPhone
		{B1BA275F-2F12-4763-9507-E9E7AABC26CD}.Release|iPhone.ActiveCfg = Release|iPhone
		{B1BA275F-2F12-4763-9507-E9E7AABC26CD}.Release|iPhone.Build.0 = Release|iPhone
		{B1BA275F-2F12-4763-9507-E9E7AABC26CD}.Release|iPhone.Deploy.0 = Release|iPhone
		{B1BA275F-2F12-4763-9507-E9E7AABC26CD}.Release|iPhoneSimulator.ActiveCfg = Release|iPhoneSimulator
		{B1BA275F-2F12-4763-9507-E9E7AABC26CD}.Release|iPhoneSimulator.Build.0 = Release|iPhoneSimulator
		{B1BA275F-2F12-4763-9507-E9E7AABC26CD}.Release|iPhoneSimulator.Deploy.0 = Release|iPhoneSimulator
		{0D49328A-DB4E-4E3F-A3D6-06BBB487C850}.Debug|Any CPU.ActiveCfg = Debug|Any CPU
		{0D49328A-DB4E-4E3F-A3D6-06BBB487C850}.Debug|Any CPU.Build.0 = Debug|Any CPU
		{0D49328A-DB4E-4E3F-A3D6-06BBB487C850}.Debug|Any CPU.Deploy.0 = Debug|Any CPU
		{0D49328A-DB4E-4E3F-A3D6-06BBB487C850}.Debug|iPhone.ActiveCfg = Debug|Any CPU
		{0D49328A-DB4E-4E3F-A3D6-06BBB487C850}.Debug|iPhone.Build.0 = Debug|Any CPU
		{0D49328A-DB4E-4E3F-A3D6-06BBB487C850}.Debug|iPhone.Deploy.0 = Debug|Any CPU
		{0D49328A-DB4E-4E3F-A3D6-06BBB487C850}.Debug|iPhoneSimulator.ActiveCfg = Debug|Any CPU
		{0D49328A-DB4E-4E3F-A3D6-06BBB487C850}.Debug|iPhoneSimulator.Build.0 = Debug|Any CPU
		{0D49328A-DB4E-4E3F-A3D6-06BBB487C850}.Debug|iPhoneSimulator.Deploy.0 = Debug|Any CPU
		{0D49328A-DB4E-4E3F-A3D6-06BBB487C850}.Release|Any CPU.ActiveCfg = Release|Any CPU
		{0D49328A-DB4E-4E3F-A3D6-06BBB487C850}.Release|Any CPU.Build.0 = Release|Any CPU
		{0D49328A-DB4E-4E3F-A3D6-06BBB487C850}.Release|Any CPU.Deploy.0 = Release|Any CPU
		{0D49328A-DB4E-4E3F-A3D6-06BBB487C850}.Release|iPhone.ActiveCfg = Release|Any CPU
		{0D49328A-DB4E-4E3F-A3D6-06BBB487C850}.Release|iPhone.Build.0 = Release|Any CPU
		{0D49328A-DB4E-4E3F-A3D6-06BBB487C850}.Release|iPhone.Deploy.0 = Release|Any CPU
		{0D49328A-DB4E-4E3F-A3D6-06BBB487C850}.Release|iPhoneSimulator.ActiveCfg = Release|Any CPU
		{0D49328A-DB4E-4E3F-A3D6-06BBB487C850}.Release|iPhoneSimulator.Build.0 = Release|Any CPU
		{0D49328A-DB4E-4E3F-A3D6-06BBB487C850}.Release|iPhoneSimulator.Deploy.0 = Release|Any CPU
	EndGlobalSection
	GlobalSection(SolutionProperties) = preSolution
		HideSolutionNode = FALSE
	EndGlobalSection
	GlobalSection(ExtensibilityGlobals) = postSolution
		SolutionGuid = {67079371-879D-4483-9087-89A4453EB939}
	EndGlobalSection
EndGlobal
